
Microsoft Visual Studio Solution File, Format Version 11.00
# Visual Studio 2010
Project("{FAE04EC0-301F-11D3-BF4B-00C04F79EFBC}") = "UnityEngine.UI", "UnityEngine.UI.csproj", "{A3AF0794-33A7-4907-9D63-418D37137800}"
EndProject
Project("{FAE04EC0-301F-11D3-BF4B-00C04F79EFBC}") = "UnityEngine.TestRunner", "UnityEngine.TestRunner.csproj", "{1A03207A-B9EE-F5FF-43B6-2237286164BD}"
EndProject
Project("{FAE04EC0-301F-11D3-BF4B-00C04F79EFBC}") = "UnityEngine.XR.LegacyInputHelpers", "UnityEngine.XR.LegacyInputHelpers.csproj", "{D77277F6-33B1-F29E-F122-633E2C1DBB46}"
EndProject
Project("{FAE04EC0-301F-11D3-BF4B-00C04F79EFBC}") = "Unity.Timeline", "Unity.Timeline.csproj", "{37288283-B0E6-D598-4D84-D87D9F54DAE2}"
EndProject
Project("{FAE04EC0-301F-11D3-BF4B-00C04F79EFBC}") = "UnityEngine.Monetization", "UnityEngine.Monetization.csproj", "{BE567BD5-8E3C-1928-C820-7CBE84345505}"
EndProject
Project("{FAE04EC0-301F-11D3-BF4B-00C04F79EFBC}") = "Unity.TextMeshPro", "Unity.TextMeshPro.csproj", "{25A2BCD6-6C56-4CC3-70F5-DEA2A99B5331}"
EndProject
Project("{FAE04EC0-301F-11D3-BF4B-00C04F79EFBC}") = "UnityEngine.Purchasing", "UnityEngine.Purchasing.csproj", "{A19EEC24-FCA2-52BE-262F-38D54BFED0E3}"
EndProject
Project("{FAE04EC0-301F-11D3-BF4B-00C04F79EFBC}") = "UnityEngine.Advertisements", "UnityEngine.Advertisements.csproj", "{9C408E9D-458E-084B-C12F-92FF3090B266}"
EndProject
Project("{FAE04EC0-301F-11D3-BF4B-00C04F79EFBC}") = "UnityEngine.SpatialTracking", "UnityEngine.SpatialTracking.csproj", "{7D293C2D-9A77-4EAF-1D4C-CAF7D314C2AB}"
EndProject
Project("{FAE04EC0-301F-11D3-BF4B-00C04F79EFBC}") = "Assembly-CSharp", "Assembly-CSharp.csproj", "{8A176246-2C26-1380-F5F4-E95E30D15AE4}"
EndProject
Project("{FAE04EC0-301F-11D3-BF4B-00C04F79EFBC}") = "Unity.Analytics.DataPrivacy", "Unity.Analytics.DataPrivacy.csproj", "{CC520641-EBA9-AAD8-479A-21E9238E30A0}"
EndProject
Project("{FAE04EC0-301F-11D3-BF4B-00C04F79EFBC}") = "UnityEditor.TestRunner", "UnityEditor.TestRunner.csproj", "{6358E181-C018-36EC-E4A4-CE66958B1338}"
EndProject
Project("{FAE04EC0-301F-11D3-BF4B-00C04F79EFBC}") = "UnityEditor.UI", "UnityEditor.UI.csproj", "{8F0AB1CF-6273-571F-C809-5D38A50050FC}"
EndProject
Project("{FAE04EC0-301F-11D3-BF4B-00C04F79EFBC}") = "Unity.Timeline.Editor", "Unity.Timeline.Editor.csproj", "{59348980-DBB1-950F-6D89-98116A985D30}"
EndProject
Project("{FAE04EC0-301F-11D3-BF4B-00C04F79EFBC}") = "Unity.VisualStudio.Editor", "Unity.VisualStudio.Editor.csproj", "{B2D51660-0E03-FDC2-B38E-8EE49B585519}"
EndProject
Project("{FAE04EC0-301F-11D3-BF4B-00C04F79EFBC}") = "Unity.TextMeshPro.Editor", "Unity.TextMeshPro.Editor.csproj", "{33DDF11F-64CF-C3A9-0931-D539A5439089}"
EndProject
Project("{FAE04EC0-301F-11D3-BF4B-00C04F79EFBC}") = "Unity.CollabProxy.Editor", "Unity.CollabProxy.Editor.csproj", "{94BDEE4C-636A-AB36-C884-740417CD4B39}"
EndProject
Project("{FAE04EC0-301F-11D3-BF4B-00C04F79EFBC}") = "UnityEngine.Advertisements.Editor", "UnityEngine.Advertisements.Editor.csproj", "{CD037992-B3A4-C485-627F-3D05F566FEFF}"
EndProject
Project("{FAE04EC0-301F-11D3-BF4B-00C04F79EFBC}") = "Unity.Rider.Editor", "Unity.Rider.Editor.csproj", "{98433021-3CD7-08CA-E002-8D6D2CA23A45}"
EndProject
Project("{FAE04EC0-301F-11D3-BF4B-00C04F79EFBC}") = "UnityEditor.XR.LegacyInputHelpers", "UnityEditor.XR.LegacyInputHelpers.csproj", "{C7501F26-1B17-67E0-A4CB-44019009505C}"
EndProject
Project("{FAE04EC0-301F-11D3-BF4B-00C04F79EFBC}") = "Unity.2D.Sprite.Editor", "Unity.2D.Sprite.Editor.csproj", "{7D32A565-BD60-F7FF-EF59-F6B8D6228A3A}"
EndProject
Project("{FAE04EC0-301F-11D3-BF4B-00C04F79EFBC}") = "Unity.2D.Tilemap.Editor", "Unity.2D.Tilemap.Editor.csproj", "{AA1EFF5D-F9A4-7421-3C01-CB956972D5AD}"
EndProject
Project("{FAE04EC0-301F-11D3-BF4B-00C04F79EFBC}") = "Unity.VSCode.Editor", "Unity.VSCode.Editor.csproj", "{1A36F732-0249-7DAD-4806-69AB9C2036E6}"
EndProject
Project("{FAE04EC0-301F-11D3-BF4B-00C04F79EFBC}") = "UnityEditor.SpatialTracking", "UnityEditor.SpatialTracking.csproj", "{01AD1DFE-0781-B40C-3577-320C9F12DC08}"
EndProject
Project("{FAE04EC0-301F-11D3-BF4B-00C04F79EFBC}") = "UnityEditor.Purchasing", "UnityEditor.Purchasing.csproj", "{CFD1DC5A-0D5E-97B5-9D45-6BCD144AEC48}"
EndProject
Project("{FAE04EC0-301F-11D3-BF4B-00C04F79EFBC}") = "Analytics", "Analytics.csproj", "{2197226B-3F6C-0C32-E3C0-80100EBE27A3}"
EndProject
Project("{FAE04EC0-301F-11D3-BF4B-00C04F79EFBC}") = "UnityEngine.UI.Player", "UnityEngine.UI.Player.csproj", "{1DA29BA4-682C-D192-5E17-9607F719F00E}"
EndProject
Project("{FAE04EC0-301F-11D3-BF4B-00C04F79EFBC}") = "UnityEngine.TestRunner.Player", "UnityEngine.TestRunner.Player.csproj", "{04CFFD86-2DC2-C564-0D20-0A57766B7495}"
EndProject
Project("{FAE04EC0-301F-11D3-BF4B-00C04F79EFBC}") = "UnityEngine.XR.LegacyInputHelpers.Player", "UnityEngine.XR.LegacyInputHelpers.Player.csproj", "{AECA23CB-EC82-F047-FC01-D8BBE58FEA87}"
EndProject
Project("{FAE04EC0-301F-11D3-BF4B-00C04F79EFBC}") = "Unity.Timeline.Player", "Unity.Timeline.Player.csproj", "{81C191DF-2E80-EC67-BD55-E7490729951B}"
EndProject
Project("{FAE04EC0-301F-11D3-BF4B-00C04F79EFBC}") = "UnityEngine.Monetization.Player", "UnityEngine.Monetization.Player.csproj", "{27ECBC9D-59B1-56AF-8870-8462BE0C34FA}"
EndProject
Project("{FAE04EC0-301F-11D3-BF4B-00C04F79EFBC}") = "Unity.TextMeshPro.Player", "Unity.TextMeshPro.Player.csproj", "{55EDBCFC-DC52-6F3E-7BD5-0E5036BF055D}"
EndProject
Project("{FAE04EC0-301F-11D3-BF4B-00C04F79EFBC}") = "UnityEngine.Purchasing.Player", "UnityEngine.Purchasing.Player.csproj", "{60EF8AE5-0FB1-ACC6-253C-C832A277256B}"
EndProject
Project("{FAE04EC0-301F-11D3-BF4B-00C04F79EFBC}") = "UnityEngine.Advertisements.Player", "UnityEngine.Advertisements.Player.csproj", "{95524126-C931-A435-06AE-AE4A16DFCF34}"
EndProject
Project("{FAE04EC0-301F-11D3-BF4B-00C04F79EFBC}") = "UnityEngine.SpatialTracking.Player", "UnityEngine.SpatialTracking.Player.csproj", "{B8EB46B9-F84D-BAF1-1B03-22021844C669}"
EndProject
Project("{FAE04EC0-301F-11D3-BF4B-00C04F79EFBC}") = "Assembly-CSharp.Player", "Assembly-CSharp.Player.csproj", "{D8FDBA18-D14A-84B2-F8D6-C77A9C88FE30}"
EndProject
Project("{FAE04EC0-301F-11D3-BF4B-00C04F79EFBC}") = "Unity.Analytics.DataPrivacy.Player", "Unity.Analytics.DataPrivacy.Player.csproj", "{4EEDA87C-86D2-7B6E-9A35-D763A674C770}"
EndProject
Global
	GlobalSection(SolutionConfigurationPlatforms) = preSolution
		Debug|Any CPU = Debug|Any CPU
		Release|Any CPU = Release|Any CPU
	EndGlobalSection
	GlobalSection(ProjectConfigurationPlatforms) = postSolution
		{A3AF0794-33A7-4907-9D63-418D37137800}.Debug|Any CPU.ActiveCfg = Debug|Any CPU
		{A3AF0794-33A7-4907-9D63-418D37137800}.Debug|Any CPU.Build.0 = Debug|Any CPU
		{A3AF0794-33A7-4907-9D63-418D37137800}.Release|Any CPU.ActiveCfg = Release|Any CPU
		{A3AF0794-33A7-4907-9D63-418D37137800}.Release|Any CPU.Build.0 = Release|Any CPU
		{1A03207A-B9EE-F5FF-43B6-2237286164BD}.Debug|Any CPU.ActiveCfg = Debug|Any CPU
		{1A03207A-B9EE-F5FF-43B6-2237286164BD}.Debug|Any CPU.Build.0 = Debug|Any CPU
		{1A03207A-B9EE-F5FF-43B6-2237286164BD}.Release|Any CPU.ActiveCfg = Release|Any CPU
		{1A03207A-B9EE-F5FF-43B6-2237286164BD}.Release|Any CPU.Build.0 = Release|Any CPU
		{D77277F6-33B1-F29E-F122-633E2C1DBB46}.Debug|Any CPU.ActiveCfg = Debug|Any CPU
		{D77277F6-33B1-F29E-F122-633E2C1DBB46}.Debug|Any CPU.Build.0 = Debug|Any CPU
		{D77277F6-33B1-F29E-F122-633E2C1DBB46}.Release|Any CPU.ActiveCfg = Release|Any CPU
		{D77277F6-33B1-F29E-F122-633E2C1DBB46}.Release|Any CPU.Build.0 = Release|Any CPU
		{37288283-B0E6-D598-4D84-D87D9F54DAE2}.Debug|Any CPU.ActiveCfg = Debug|Any CPU
		{37288283-B0E6-D598-4D84-D87D9F54DAE2}.Debug|Any CPU.Build.0 = Debug|Any CPU
		{37288283-B0E6-D598-4D84-D87D9F54DAE2}.Release|Any CPU.ActiveCfg = Release|Any CPU
		{37288283-B0E6-D598-4D84-D87D9F54DAE2}.Release|Any CPU.Build.0 = Release|Any CPU
		{BE567BD5-8E3C-1928-C820-7CBE84345505}.Debug|Any CPU.ActiveCfg = Debug|Any CPU
		{BE567BD5-8E3C-1928-C820-7CBE84345505}.Debug|Any CPU.Build.0 = Debug|Any CPU
		{BE567BD5-8E3C-1928-C820-7CBE84345505}.Release|Any CPU.ActiveCfg = Release|Any CPU
		{BE567BD5-8E3C-1928-C820-7CBE84345505}.Release|Any CPU.Build.0 = Release|Any CPU
		{25A2BCD6-6C56-4CC3-70F5-DEA2A99B5331}.Debug|Any CPU.ActiveCfg = Debug|Any CPU
		{25A2BCD6-6C56-4CC3-70F5-DEA2A99B5331}.Debug|Any CPU.Build.0 = Debug|Any CPU
		{25A2BCD6-6C56-4CC3-70F5-DEA2A99B5331}.Release|Any CPU.ActiveCfg = Release|Any CPU
		{25A2BCD6-6C56-4CC3-70F5-DEA2A99B5331}.Release|Any CPU.Build.0 = Release|Any CPU
		{A19EEC24-FCA2-52BE-262F-38D54BFED0E3}.Debug|Any CPU.ActiveCfg = Debug|Any CPU
		{A19EEC24-FCA2-52BE-262F-38D54BFED0E3}.Debug|Any CPU.Build.0 = Debug|Any CPU
		{A19EEC24-FCA2-52BE-262F-38D54BFED0E3}.Release|Any CPU.ActiveCfg = Release|Any CPU
		{A19EEC24-FCA2-52BE-262F-38D54BFED0E3}.Release|Any CPU.Build.0 = Release|Any CPU
		{9C408E9D-458E-084B-C12F-92FF3090B266}.Debug|Any CPU.ActiveCfg = Debug|Any CPU
		{9C408E9D-458E-084B-C12F-92FF3090B266}.Debug|Any CPU.Build.0 = Debug|Any CPU
		{9C408E9D-458E-084B-C12F-92FF3090B266}.Release|Any CPU.ActiveCfg = Release|Any CPU
		{9C408E9D-458E-084B-C12F-92FF3090B266}.Release|Any CPU.Build.0 = Release|Any CPU
		{7D293C2D-9A77-4EAF-1D4C-CAF7D314C2AB}.Debug|Any CPU.ActiveCfg = Debug|Any CPU
		{7D293C2D-9A77-4EAF-1D4C-CAF7D314C2AB}.Debug|Any CPU.Build.0 = Debug|Any CPU
		{7D293C2D-9A77-4EAF-1D4C-CAF7D314C2AB}.Release|Any CPU.ActiveCfg = Release|Any CPU
		{7D293C2D-9A77-4EAF-1D4C-CAF7D314C2AB}.Release|Any CPU.Build.0 = Release|Any CPU
		{8A176246-2C26-1380-F5F4-E95E30D15AE4}.Debug|Any CPU.ActiveCfg = Debug|Any CPU
		{8A176246-2C26-1380-F5F4-E95E30D15AE4}.Debug|Any CPU.Build.0 = Debug|Any CPU
		{8A176246-2C26-1380-F5F4-E95E30D15AE4}.Release|Any CPU.ActiveCfg = Release|Any CPU
		{8A176246-2C26-1380-F5F4-E95E30D15AE4}.Release|Any CPU.Build.0 = Release|Any CPU
		{CC520641-EBA9-AAD8-479A-21E9238E30A0}.Debug|Any CPU.ActiveCfg = Debug|Any CPU
		{CC520641-EBA9-AAD8-479A-21E9238E30A0}.Debug|Any CPU.Build.0 = Debug|Any CPU
		{CC520641-EBA9-AAD8-479A-21E9238E30A0}.Release|Any CPU.ActiveCfg = Release|Any CPU
		{CC520641-EBA9-AAD8-479A-21E9238E30A0}.Release|Any CPU.Build.0 = Release|Any CPU
		{6358E181-C018-36EC-E4A4-CE66958B1338}.Debug|Any CPU.ActiveCfg = Debug|Any CPU
		{6358E181-C018-36EC-E4A4-CE66958B1338}.Debug|Any CPU.Build.0 = Debug|Any CPU
		{6358E181-C018-36EC-E4A4-CE66958B1338}.Release|Any CPU.ActiveCfg = Release|Any CPU
		{6358E181-C018-36EC-E4A4-CE66958B1338}.Release|Any CPU.Build.0 = Release|Any CPU
		{8F0AB1CF-6273-571F-C809-5D38A50050FC}.Debug|Any CPU.ActiveCfg = Debug|Any CPU
		{8F0AB1CF-6273-571F-C809-5D38A50050FC}.Debug|Any CPU.Build.0 = Debug|Any CPU
		{8F0AB1CF-6273-571F-C809-5D38A50050FC}.Release|Any CPU.ActiveCfg = Release|Any CPU
		{8F0AB1CF-6273-571F-C809-5D38A50050FC}.Release|Any CPU.Build.0 = Release|Any CPU
		{59348980-DBB1-950F-6D89-98116A985D30}.Debug|Any CPU.ActiveCfg = Debug|Any CPU
		{59348980-DBB1-950F-6D89-98116A985D30}.Debug|Any CPU.Build.0 = Debug|Any CPU
		{59348980-DBB1-950F-6D89-98116A985D30}.Release|Any CPU.ActiveCfg = Release|Any CPU
		{59348980-DBB1-950F-6D89-98116A985D30}.Release|Any CPU.Build.0 = Release|Any CPU
		{B2D51660-0E03-FDC2-B38E-8EE49B585519}.Debug|Any CPU.ActiveCfg = Debug|Any CPU
		{B2D51660-0E03-FDC2-B38E-8EE49B585519}.Debug|Any CPU.Build.0 = Debug|Any CPU
		{B2D51660-0E03-FDC2-B38E-8EE49B585519}.Release|Any CPU.ActiveCfg = Release|Any CPU
		{B2D51660-0E03-FDC2-B38E-8EE49B585519}.Release|Any CPU.Build.0 = Release|Any CPU
		{33DDF11F-64CF-C3A9-0931-D539A5439089}.Debug|Any CPU.ActiveCfg = Debug|Any CPU
		{33DDF11F-64CF-C3A9-0931-D539A5439089}.Debug|Any CPU.Build.0 = Debug|Any CPU
		{33DDF11F-64CF-C3A9-0931-D539A5439089}.Release|Any CPU.ActiveCfg = Release|Any CPU
		{33DDF11F-64CF-C3A9-0931-D539A5439089}.Release|Any CPU.Build.0 = Release|Any CPU
		{94BDEE4C-636A-AB36-C884-740417CD4B39}.Debug|Any CPU.ActiveCfg = Debug|Any CPU
		{94BDEE4C-636A-AB36-C884-740417CD4B39}.Debug|Any CPU.Build.0 = Debug|Any CPU
		{94BDEE4C-636A-AB36-C884-740417CD4B39}.Release|Any CPU.ActiveCfg = Release|Any CPU
		{94BDEE4C-636A-AB36-C884-740417CD4B39}.Release|Any CPU.Build.0 = Release|Any CPU
		{CD037992-B3A4-C485-627F-3D05F566FEFF}.Debug|Any CPU.ActiveCfg = Debug|Any CPU
		{CD037992-B3A4-C485-627F-3D05F566FEFF}.Debug|Any CPU.Build.0 = Debug|Any CPU
		{CD037992-B3A4-C485-627F-3D05F566FEFF}.Release|Any CPU.ActiveCfg = Release|Any CPU
		{CD037992-B3A4-C485-627F-3D05F566FEFF}.Release|Any CPU.Build.0 = Release|Any CPU
		{98433021-3CD7-08CA-E002-8D6D2CA23A45}.Debug|Any CPU.ActiveCfg = Debug|Any CPU
		{98433021-3CD7-08CA-E002-8D6D2CA23A45}.Debug|Any CPU.Build.0 = Debug|Any CPU
		{98433021-3CD7-08CA-E002-8D6D2CA23A45}.Release|Any CPU.ActiveCfg = Release|Any CPU
		{98433021-3CD7-08CA-E002-8D6D2CA23A45}.Release|Any CPU.Build.0 = Release|Any CPU
		{C7501F26-1B17-67E0-A4CB-44019009505C}.Debug|Any CPU.ActiveCfg = Debug|Any CPU
		{C7501F26-1B17-67E0-A4CB-44019009505C}.Debug|Any CPU.Build.0 = Debug|Any CPU
		{C7501F26-1B17-67E0-A4CB-44019009505C}.Release|Any CPU.ActiveCfg = Release|Any CPU
		{C7501F26-1B17-67E0-A4CB-44019009505C}.Release|Any CPU.Build.0 = Release|Any CPU
		{7D32A565-BD60-F7FF-EF59-F6B8D6228A3A}.Debug|Any CPU.ActiveCfg = Debug|Any CPU
		{7D32A565-BD60-F7FF-EF59-F6B8D6228A3A}.Debug|Any CPU.Build.0 = Debug|Any CPU
		{7D32A565-BD60-F7FF-EF59-F6B8D6228A3A}.Release|Any CPU.ActiveCfg = Release|Any CPU
		{7D32A565-BD60-F7FF-EF59-F6B8D6228A3A}.Release|Any CPU.Build.0 = Release|Any CPU
		{AA1EFF5D-F9A4-7421-3C01-CB956972D5AD}.Debug|Any CPU.ActiveCfg = Debug|Any CPU
		{AA1EFF5D-F9A4-7421-3C01-CB956972D5AD}.Debug|Any CPU.Build.0 = Debug|Any CPU
		{AA1EFF5D-F9A4-7421-3C01-CB956972D5AD}.Release|Any CPU.ActiveCfg = Release|Any CPU
		{AA1EFF5D-F9A4-7421-3C01-CB956972D5AD}.Release|Any CPU.Build.0 = Release|Any CPU
		{1A36F732-0249-7DAD-4806-69AB9C2036E6}.Debug|Any CPU.ActiveCfg = Debug|Any CPU
		{1A36F732-0249-7DAD-4806-69AB9C2036E6}.Debug|Any CPU.Build.0 = Debug|Any CPU
		{1A36F732-0249-7DAD-4806-69AB9C2036E6}.Release|Any CPU.ActiveCfg = Release|Any CPU
		{1A36F732-0249-7DAD-4806-69AB9C2036E6}.Release|Any CPU.Build.0 = Release|Any CPU
		{01AD1DFE-0781-B40C-3577-320C9F12DC08}.Debug|Any CPU.ActiveCfg = Debug|Any CPU
		{01AD1DFE-0781-B40C-3577-320C9F12DC08}.Debug|Any CPU.Build.0 = Debug|Any CPU
		{01AD1DFE-0781-B40C-3577-320C9F12DC08}.Release|Any CPU.ActiveCfg = Release|Any CPU
		{01AD1DFE-0781-B40C-3577-320C9F12DC08}.Release|Any CPU.Build.0 = Release|Any CPU
		{CFD1DC5A-0D5E-97B5-9D45-6BCD144AEC48}.Debug|Any CPU.ActiveCfg = Debug|Any CPU
		{CFD1DC5A-0D5E-97B5-9D45-6BCD144AEC48}.Debug|Any CPU.Build.0 = Debug|Any CPU
		{CFD1DC5A-0D5E-97B5-9D45-6BCD144AEC48}.Release|Any CPU.ActiveCfg = Release|Any CPU
		{CFD1DC5A-0D5E-97B5-9D45-6BCD144AEC48}.Release|Any CPU.Build.0 = Release|Any CPU
		{2197226B-3F6C-0C32-E3C0-80100EBE27A3}.Debug|Any CPU.ActiveCfg = Debug|Any CPU
		{2197226B-3F6C-0C32-E3C0-80100EBE27A3}.Debug|Any CPU.Build.0 = Debug|Any CPU
		{2197226B-3F6C-0C32-E3C0-80100EBE27A3}.Release|Any CPU.ActiveCfg = Release|Any CPU
		{2197226B-3F6C-0C32-E3C0-80100EBE27A3}.Release|Any CPU.Build.0 = Release|Any CPU
		{1DA29BA4-682C-D192-5E17-9607F719F00E}.Debug|Any CPU.ActiveCfg = Debug|Any CPU
		{1DA29BA4-682C-D192-5E17-9607F719F00E}.Debug|Any CPU.Build.0 = Debug|Any CPU
		{1DA29BA4-682C-D192-5E17-9607F719F00E}.Release|Any CPU.ActiveCfg = Release|Any CPU
		{1DA29BA4-682C-D192-5E17-9607F719F00E}.Release|Any CPU.Build.0 = Release|Any CPU
		{04CFFD86-2DC2-C564-0D20-0A57766B7495}.Debug|Any CPU.ActiveCfg = Debug|Any CPU
		{04CFFD86-2DC2-C564-0D20-0A57766B7495}.Debug|Any CPU.Build.0 = Debug|Any CPU
		{04CFFD86-2DC2-C564-0D20-0A57766B7495}.Release|Any CPU.ActiveCfg = Release|Any CPU
		{04CFFD86-2DC2-C564-0D20-0A57766B7495}.Release|Any CPU.Build.0 = Release|Any CPU
		{AECA23CB-EC82-F047-FC01-D8BBE58FEA87}.Debug|Any CPU.ActiveCfg = Debug|Any CPU
		{AECA23CB-EC82-F047-FC01-D8BBE58FEA87}.Debug|Any CPU.Build.0 = Debug|Any CPU
		{AECA23CB-EC82-F047-FC01-D8BBE58FEA87}.Release|Any CPU.ActiveCfg = Release|Any CPU
		{AECA23CB-EC82-F047-FC01-D8BBE58FEA87}.Release|Any CPU.Build.0 = Release|Any CPU
		{81C191DF-2E80-EC67-BD55-E7490729951B}.Debug|Any CPU.ActiveCfg = Debug|Any CPU
		{81C191DF-2E80-EC67-BD55-E7490729951B}.Debug|Any CPU.Build.0 = Debug|Any CPU
		{81C191DF-2E80-EC67-BD55-E7490729951B}.Release|Any CPU.ActiveCfg = Release|Any CPU
		{81C191DF-2E80-EC67-BD55-E7490729951B}.Release|Any CPU.Build.0 = Release|Any CPU
		{27ECBC9D-59B1-56AF-8870-8462BE0C34FA}.Debug|Any CPU.ActiveCfg = Debug|Any CPU
		{27ECBC9D-59B1-56AF-8870-8462BE0C34FA}.Debug|Any CPU.Build.0 = Debug|Any CPU
		{27ECBC9D-59B1-56AF-8870-8462BE0C34FA}.Release|Any CPU.ActiveCfg = Release|Any CPU
		{27ECBC9D-59B1-56AF-8870-8462BE0C34FA}.Release|Any CPU.Build.0 = Release|Any CPU
		{55EDBCFC-DC52-6F3E-7BD5-0E5036BF055D}.Debug|Any CPU.ActiveCfg = Debug|Any CPU
		{55EDBCFC-DC52-6F3E-7BD5-0E5036BF055D}.Debug|Any CPU.Build.0 = Debug|Any CPU
		{55EDBCFC-DC52-6F3E-7BD5-0E5036BF055D}.Release|Any CPU.ActiveCfg = Release|Any CPU
		{55EDBCFC-DC52-6F3E-7BD5-0E5036BF055D}.Release|Any CPU.Build.0 = Release|Any CPU
		{60EF8AE5-0FB1-ACC6-253C-C832A277256B}.Debug|Any CPU.ActiveCfg = Debug|Any CPU
		{60EF8AE5-0FB1-ACC6-253C-C832A277256B}.Debug|Any CPU.Build.0 = Debug|Any CPU
		{60EF8AE5-0FB1-ACC6-253C-C832A277256B}.Release|Any CPU.ActiveCfg = Release|Any CPU
		{60EF8AE5-0FB1-ACC6-253C-C832A277256B}.Release|Any CPU.Build.0 = Release|Any CPU
		{95524126-C931-A435-06AE-AE4A16DFCF34}.Debug|Any CPU.ActiveCfg = Debug|Any CPU
		{95524126-C931-A435-06AE-AE4A16DFCF34}.Debug|Any CPU.Build.0 = Debug|Any CPU
		{95524126-C931-A435-06AE-AE4A16DFCF34}.Release|Any CPU.ActiveCfg = Release|Any CPU
		{95524126-C931-A435-06AE-AE4A16DFCF34}.Release|Any CPU.Build.0 = Release|Any CPU
		{B8EB46B9-F84D-BAF1-1B03-22021844C669}.Debug|Any CPU.ActiveCfg = Debug|Any CPU
		{B8EB46B9-F84D-BAF1-1B03-22021844C669}.Debug|Any CPU.Build.0 = Debug|Any CPU
		{B8EB46B9-F84D-BAF1-1B03-22021844C669}.Release|Any CPU.ActiveCfg = Release|Any CPU
		{B8EB46B9-F84D-BAF1-1B03-22021844C669}.Release|Any CPU.Build.0 = Release|Any CPU
		{D8FDBA18-D14A-84B2-F8D6-C77A9C88FE30}.Debug|Any CPU.ActiveCfg = Debug|Any CPU
		{D8FDBA18-D14A-84B2-F8D6-C77A9C88FE30}.Debug|Any CPU.Build.0 = Debug|Any CPU
		{D8FDBA18-D14A-84B2-F8D6-C77A9C88FE30}.Release|Any CPU.ActiveCfg = Release|Any CPU
		{D8FDBA18-D14A-84B2-F8D6-C77A9C88FE30}.Release|Any CPU.Build.0 = Release|Any CPU
		{4EEDA87C-86D2-7B6E-9A35-D763A674C770}.Debug|Any CPU.ActiveCfg = Debug|Any CPU
		{4EEDA87C-86D2-7B6E-9A35-D763A674C770}.Debug|Any CPU.Build.0 = Debug|Any CPU
		{4EEDA87C-86D2-7B6E-9A35-D763A674C770}.Release|Any CPU.ActiveCfg = Release|Any CPU
		{4EEDA87C-86D2-7B6E-9A35-D763A674C770}.Release|Any CPU.Build.0 = Release|Any CPU
	EndGlobalSection
	GlobalSection(SolutionProperties) = preSolution
		HideSolutionNode = FALSE
	EndGlobalSection
EndGlobal
